// !$*UTF8*$!
{
	archiveVersion = 1;
	classes = {
	};
	objectVersion = 46;
	objects = {

/* Begin PBXBuildFile section */
		963A9F0C1A7C44060078EFA4 /* PSHomeViewController.m in Sources */ = {isa = PBXBuildFile; fileRef = 963A9F0A1A7C44060078EFA4 /* PSHomeViewController.m */; };
		963A9F0D1A7C44060078EFA4 /* PSHomeViewController.xib in Resources */ = {isa = PBXBuildFile; fileRef = 963A9F0B1A7C44060078EFA4 /* PSHomeViewController.xib */; };
		963A9F151A7C45ED0078EFA4 /* PSServerBrowserTableViewController.m in Sources */ = {isa = PBXBuildFile; fileRef = 963A9F131A7C45ED0078EFA4 /* PSServerBrowserTableViewController.m */; };
		963A9F161A7C45ED0078EFA4 /* PSServerBrowserTableViewController.xib in Resources */ = {isa = PBXBuildFile; fileRef = 963A9F141A7C45ED0078EFA4 /* PSServerBrowserTableViewController.xib */; };
		963A9F2B1A7C46160078EFA4 /* AFHTTPRequestOperation.m in Sources */ = {isa = PBXBuildFile; fileRef = 963A9F191A7C46160078EFA4 /* AFHTTPRequestOperation.m */; };
		963A9F2C1A7C46160078EFA4 /* AFHTTPRequestOperationManager.m in Sources */ = {isa = PBXBuildFile; fileRef = 963A9F1B1A7C46160078EFA4 /* AFHTTPRequestOperationManager.m */; };
		963A9F2D1A7C46160078EFA4 /* AFHTTPSessionManager.m in Sources */ = {isa = PBXBuildFile; fileRef = 963A9F1D1A7C46160078EFA4 /* AFHTTPSessionManager.m */; };
		963A9F2E1A7C46160078EFA4 /* AFNetworkReachabilityManager.m in Sources */ = {isa = PBXBuildFile; fileRef = 963A9F201A7C46160078EFA4 /* AFNetworkReachabilityManager.m */; };
		963A9F2F1A7C46160078EFA4 /* AFSecurityPolicy.m in Sources */ = {isa = PBXBuildFile; fileRef = 963A9F221A7C46160078EFA4 /* AFSecurityPolicy.m */; };
		963A9F301A7C46160078EFA4 /* AFURLConnectionOperation.m in Sources */ = {isa = PBXBuildFile; fileRef = 963A9F241A7C46160078EFA4 /* AFURLConnectionOperation.m */; };
		963A9F311A7C46160078EFA4 /* AFURLRequestSerialization.m in Sources */ = {isa = PBXBuildFile; fileRef = 963A9F261A7C46160078EFA4 /* AFURLRequestSerialization.m */; };
		963A9F321A7C46160078EFA4 /* AFURLResponseSerialization.m in Sources */ = {isa = PBXBuildFile; fileRef = 963A9F281A7C46160078EFA4 /* AFURLResponseSerialization.m */; };
		963A9F331A7C46160078EFA4 /* AFURLSessionManager.m in Sources */ = {isa = PBXBuildFile; fileRef = 963A9F2A1A7C46160078EFA4 /* AFURLSessionManager.m */; };
		963A9F361A7C46610078EFA4 /* PSService.m in Sources */ = {isa = PBXBuildFile; fileRef = 963A9F351A7C46610078EFA4 /* PSService.m */; };
		963A9F3A1A7C4DDB0078EFA4 /* PSServer.m in Sources */ = {isa = PBXBuildFile; fileRef = 963A9F391A7C4DDB0078EFA4 /* PSServer.m */; };
		968E768B1A86D63800CB63FF /* PSMap.m in Sources */ = {isa = PBXBuildFile; fileRef = 968E768A1A86D63800CB63FF /* PSMap.m */; };
		968E768E1A86DA0200CB63FF /* mapoverview_gpm_cq_32.jpg in Resources */ = {isa = PBXBuildFile; fileRef = 968E768D1A86DA0200CB63FF /* mapoverview_gpm_cq_32.jpg */; };
		968E76931A87039500CB63FF /* PSRefineViewController.m in Sources */ = {isa = PBXBuildFile; fileRef = 968E76911A87039500CB63FF /* PSRefineViewController.m */; };
		968E76941A87039500CB63FF /* PSRefineViewController.xib in Resources */ = {isa = PBXBuildFile; fileRef = 968E76921A87039500CB63FF /* PSRefineViewController.xib */; };
		96E0EEB21A7C2C60003F64D0 /* main.m in Sources */ = {isa = PBXBuildFile; fileRef = 96E0EEB11A7C2C60003F64D0 /* main.m */; };
		96E0EEB51A7C2C60003F64D0 /* AppDelegate.m in Sources */ = {isa = PBXBuildFile; fileRef = 96E0EEB41A7C2C60003F64D0 /* AppDelegate.m */; };
		96E0EEB81A7C2C60003F64D0 /* ViewController.m in Sources */ = {isa = PBXBuildFile; fileRef = 96E0EEB71A7C2C60003F64D0 /* ViewController.m */; };
		96E0EEBB1A7C2C60003F64D0 /* Main.storyboard in Resources */ = {isa = PBXBuildFile; fileRef = 96E0EEB91A7C2C60003F64D0 /* Main.storyboard */; };
		96E0EEBD1A7C2C60003F64D0 /* Images.xcassets in Resources */ = {isa = PBXBuildFile; fileRef = 96E0EEBC1A7C2C60003F64D0 /* Images.xcassets */; };
		96E0EEC01A7C2C60003F64D0 /* LaunchScreen.xib in Resources */ = {isa = PBXBuildFile; fileRef = 96E0EEBE1A7C2C60003F64D0 /* LaunchScreen.xib */; };
		96E0EECC1A7C2C60003F64D0 /* PRSpy_MobileTests.m in Sources */ = {isa = PBXBuildFile; fileRef = 96E0EECB1A7C2C60003F64D0 /* PRSpy_MobileTests.m */; };
		96F857FD1A86113B00A41724 /* PSBaseViewController.m in Sources */ = {isa = PBXBuildFile; fileRef = 96F857FC1A86113B00A41724 /* PSBaseViewController.m */; };
		96F858021A8612AF00A41724 /* PSBrowserCell.m in Sources */ = {isa = PBXBuildFile; fileRef = 96F858001A8612AF00A41724 /* PSBrowserCell.m */; };
		96F858031A8612AF00A41724 /* PSBrowserCell.xib in Resources */ = {isa = PBXBuildFile; fileRef = 96F858011A8612AF00A41724 /* PSBrowserCell.xib */; };
		96F8580A1A8625EB00A41724 /* PSPlayersDetailViewController.m in Sources */ = {isa = PBXBuildFile; fileRef = 96F858081A8625EB00A41724 /* PSPlayersDetailViewController.m */; };
		96F8580B1A8625EB00A41724 /* PSPlayersDetailViewController.xib in Resources */ = {isa = PBXBuildFile; fileRef = 96F858091A8625EB00A41724 /* PSPlayersDetailViewController.xib */; };
		96F8580F1A8625FF00A41724 /* PSMapDetailViewController.m in Sources */ = {isa = PBXBuildFile; fileRef = 96F8580D1A8625FF00A41724 /* PSMapDetailViewController.m */; };
		96F858101A8625FF00A41724 /* PSMapDetailViewController.xib in Resources */ = {isa = PBXBuildFile; fileRef = 96F8580E1A8625FF00A41724 /* PSMapDetailViewController.xib */; };
		96F858141A86261700A41724 /* PSServerDetailViewController.m in Sources */ = {isa = PBXBuildFile; fileRef = 96F858121A86261700A41724 /* PSServerDetailViewController.m */; };
		96F858151A86261700A41724 /* PSServerDetailViewController.xib in Resources */ = {isa = PBXBuildFile; fileRef = 96F858131A86261700A41724 /* PSServerDetailViewController.xib */; };
/* End PBXBuildFile section */

/* Begin PBXContainerItemProxy section */
		96E0EEC61A7C2C60003F64D0 /* PBXContainerItemProxy */ = {
			isa = PBXContainerItemProxy;
			containerPortal = 96E0EEA41A7C2C60003F64D0 /* Project object */;
			proxyType = 1;
			remoteGlobalIDString = 96E0EEAB1A7C2C60003F64D0;
			remoteInfo = "PRSpy Mobile";
		};
/* End PBXContainerItemProxy section */

/* Begin PBXFileReference section */
		963A9F091A7C44060078EFA4 /* PSHomeViewController.h */ = {isa = PBXFileReference; fileEncoding = 4; lastKnownFileType = sourcecode.c.h; path = PSHomeViewController.h; sourceTree = "<group>"; };
		963A9F0A1A7C44060078EFA4 /* PSHomeViewController.m */ = {isa = PBXFileReference; fileEncoding = 4; lastKnownFileType = sourcecode.c.objc; path = PSHomeViewController.m; sourceTree = "<group>"; };
		963A9F0B1A7C44060078EFA4 /* PSHomeViewController.xib */ = {isa = PBXFileReference; fileEncoding = 4; lastKnownFileType = file.xib; path = PSHomeViewController.xib; sourceTree = "<group>"; };
		963A9F0E1A7C448F0078EFA4 /* Config.h */ = {isa = PBXFileReference; fileEncoding = 4; lastKnownFileType = sourcecode.c.h; path = Config.h; sourceTree = "<group>"; };
		963A9F121A7C45ED0078EFA4 /* PSServerBrowserTableViewController.h */ = {isa = PBXFileReference; fileEncoding = 4; lastKnownFileType = sourcecode.c.h; path = PSServerBrowserTableViewController.h; sourceTree = "<group>"; };
		963A9F131A7C45ED0078EFA4 /* PSServerBrowserTableViewController.m */ = {isa = PBXFileReference; fileEncoding = 4; lastKnownFileType = sourcecode.c.objc; path = PSServerBrowserTableViewController.m; sourceTree = "<group>"; };
		963A9F141A7C45ED0078EFA4 /* PSServerBrowserTableViewController.xib */ = {isa = PBXFileReference; fileEncoding = 4; lastKnownFileType = file.xib; path = PSServerBrowserTableViewController.xib; sourceTree = "<group>"; };
		963A9F181A7C46160078EFA4 /* AFHTTPRequestOperation.h */ = {isa = PBXFileReference; fileEncoding = 4; lastKnownFileType = sourcecode.c.h; path = AFHTTPRequestOperation.h; sourceTree = "<group>"; };
		963A9F191A7C46160078EFA4 /* AFHTTPRequestOperation.m */ = {isa = PBXFileReference; fileEncoding = 4; lastKnownFileType = sourcecode.c.objc; path = AFHTTPRequestOperation.m; sourceTree = "<group>"; };
		963A9F1A1A7C46160078EFA4 /* AFHTTPRequestOperationManager.h */ = {isa = PBXFileReference; fileEncoding = 4; lastKnownFileType = sourcecode.c.h; path = AFHTTPRequestOperationManager.h; sourceTree = "<group>"; };
		963A9F1B1A7C46160078EFA4 /* AFHTTPRequestOperationManager.m */ = {isa = PBXFileReference; fileEncoding = 4; lastKnownFileType = sourcecode.c.objc; path = AFHTTPRequestOperationManager.m; sourceTree = "<group>"; };
		963A9F1C1A7C46160078EFA4 /* AFHTTPSessionManager.h */ = {isa = PBXFileReference; fileEncoding = 4; lastKnownFileType = sourcecode.c.h; path = AFHTTPSessionManager.h; sourceTree = "<group>"; };
		963A9F1D1A7C46160078EFA4 /* AFHTTPSessionManager.m */ = {isa = PBXFileReference; fileEncoding = 4; lastKnownFileType = sourcecode.c.objc; path = AFHTTPSessionManager.m; sourceTree = "<group>"; };
		963A9F1E1A7C46160078EFA4 /* AFNetworking.h */ = {isa = PBXFileReference; fileEncoding = 4; lastKnownFileType = sourcecode.c.h; path = AFNetworking.h; sourceTree = "<group>"; };
		963A9F1F1A7C46160078EFA4 /* AFNetworkReachabilityManager.h */ = {isa = PBXFileReference; fileEncoding = 4; lastKnownFileType = sourcecode.c.h; path = AFNetworkReachabilityManager.h; sourceTree = "<group>"; };
		963A9F201A7C46160078EFA4 /* AFNetworkReachabilityManager.m */ = {isa = PBXFileReference; fileEncoding = 4; lastKnownFileType = sourcecode.c.objc; path = AFNetworkReachabilityManager.m; sourceTree = "<group>"; };
		963A9F211A7C46160078EFA4 /* AFSecurityPolicy.h */ = {isa = PBXFileReference; fileEncoding = 4; lastKnownFileType = sourcecode.c.h; path = AFSecurityPolicy.h; sourceTree = "<group>"; };
		963A9F221A7C46160078EFA4 /* AFSecurityPolicy.m */ = {isa = PBXFileReference; fileEncoding = 4; lastKnownFileType = sourcecode.c.objc; path = AFSecurityPolicy.m; sourceTree = "<group>"; };
		963A9F231A7C46160078EFA4 /* AFURLConnectionOperation.h */ = {isa = PBXFileReference; fileEncoding = 4; lastKnownFileType = sourcecode.c.h; path = AFURLConnectionOperation.h; sourceTree = "<group>"; };
		963A9F241A7C46160078EFA4 /* AFURLConnectionOperation.m */ = {isa = PBXFileReference; fileEncoding = 4; lastKnownFileType = sourcecode.c.objc; path = AFURLConnectionOperation.m; sourceTree = "<group>"; };
		963A9F251A7C46160078EFA4 /* AFURLRequestSerialization.h */ = {isa = PBXFileReference; fileEncoding = 4; lastKnownFileType = sourcecode.c.h; path = AFURLRequestSerialization.h; sourceTree = "<group>"; };
		963A9F261A7C46160078EFA4 /* AFURLRequestSerialization.m */ = {isa = PBXFileReference; fileEncoding = 4; lastKnownFileType = sourcecode.c.objc; path = AFURLRequestSerialization.m; sourceTree = "<group>"; };
		963A9F271A7C46160078EFA4 /* AFURLResponseSerialization.h */ = {isa = PBXFileReference; fileEncoding = 4; lastKnownFileType = sourcecode.c.h; path = AFURLResponseSerialization.h; sourceTree = "<group>"; };
		963A9F281A7C46160078EFA4 /* AFURLResponseSerialization.m */ = {isa = PBXFileReference; fileEncoding = 4; lastKnownFileType = sourcecode.c.objc; path = AFURLResponseSerialization.m; sourceTree = "<group>"; };
		963A9F291A7C46160078EFA4 /* AFURLSessionManager.h */ = {isa = PBXFileReference; fileEncoding = 4; lastKnownFileType = sourcecode.c.h; path = AFURLSessionManager.h; sourceTree = "<group>"; };
		963A9F2A1A7C46160078EFA4 /* AFURLSessionManager.m */ = {isa = PBXFileReference; fileEncoding = 4; lastKnownFileType = sourcecode.c.objc; path = AFURLSessionManager.m; sourceTree = "<group>"; };
		963A9F341A7C46610078EFA4 /* PSService.h */ = {isa = PBXFileReference; fileEncoding = 4; lastKnownFileType = sourcecode.c.h; path = PSService.h; sourceTree = "<group>"; };
		963A9F351A7C46610078EFA4 /* PSService.m */ = {isa = PBXFileReference; fileEncoding = 4; lastKnownFileType = sourcecode.c.objc; path = PSService.m; sourceTree = "<group>"; };
		963A9F381A7C4DDB0078EFA4 /* PSServer.h */ = {isa = PBXFileReference; fileEncoding = 4; lastKnownFileType = sourcecode.c.h; path = PSServer.h; sourceTree = "<group>"; };
		963A9F391A7C4DDB0078EFA4 /* PSServer.m */ = {isa = PBXFileReference; fileEncoding = 4; lastKnownFileType = sourcecode.c.objc; path = PSServer.m; sourceTree = "<group>"; };
		968E76891A86D63800CB63FF /* PSMap.h */ = {isa = PBXFileReference; fileEncoding = 4; lastKnownFileType = sourcecode.c.h; path = PSMap.h; sourceTree = "<group>"; };
		968E768A1A86D63800CB63FF /* PSMap.m */ = {isa = PBXFileReference; fileEncoding = 4; lastKnownFileType = sourcecode.c.objc; path = PSMap.m; sourceTree = "<group>"; };
		968E768D1A86DA0200CB63FF /* mapoverview_gpm_cq_32.jpg */ = {isa = PBXFileReference; lastKnownFileType = image.jpeg; path = mapoverview_gpm_cq_32.jpg; sourceTree = "<group>"; };
		968E76901A87039500CB63FF /* PSRefineViewController.h */ = {isa = PBXFileReference; fileEncoding = 4; lastKnownFileType = sourcecode.c.h; path = PSRefineViewController.h; sourceTree = "<group>"; };
		968E76911A87039500CB63FF /* PSRefineViewController.m */ = {isa = PBXFileReference; fileEncoding = 4; lastKnownFileType = sourcecode.c.objc; path = PSRefineViewController.m; sourceTree = "<group>"; };
		968E76921A87039500CB63FF /* PSRefineViewController.xib */ = {isa = PBXFileReference; fileEncoding = 4; lastKnownFileType = file.xib; path = PSRefineViewController.xib; sourceTree = "<group>"; };
		96E0EEAC1A7C2C60003F64D0 /* PRSpy Mobile.app */ = {isa = PBXFileReference; explicitFileType = wrapper.application; includeInIndex = 0; path = "PRSpy Mobile.app"; sourceTree = BUILT_PRODUCTS_DIR; };
		96E0EEB01A7C2C60003F64D0 /* Info.plist */ = {isa = PBXFileReference; lastKnownFileType = text.plist.xml; path = Info.plist; sourceTree = "<group>"; };
		96E0EEB11A7C2C60003F64D0 /* main.m */ = {isa = PBXFileReference; lastKnownFileType = sourcecode.c.objc; path = main.m; sourceTree = "<group>"; };
		96E0EEB31A7C2C60003F64D0 /* AppDelegate.h */ = {isa = PBXFileReference; lastKnownFileType = sourcecode.c.h; path = AppDelegate.h; sourceTree = "<group>"; };
		96E0EEB41A7C2C60003F64D0 /* AppDelegate.m */ = {isa = PBXFileReference; lastKnownFileType = sourcecode.c.objc; path = AppDelegate.m; sourceTree = "<group>"; };
		96E0EEB61A7C2C60003F64D0 /* ViewController.h */ = {isa = PBXFileReference; lastKnownFileType = sourcecode.c.h; path = ViewController.h; sourceTree = "<group>"; };
		96E0EEB71A7C2C60003F64D0 /* ViewController.m */ = {isa = PBXFileReference; lastKnownFileType = sourcecode.c.objc; path = ViewController.m; sourceTree = "<group>"; };
		96E0EEBA1A7C2C60003F64D0 /* Base */ = {isa = PBXFileReference; lastKnownFileType = file.storyboard; name = Base; path = Base.lproj/Main.storyboard; sourceTree = "<group>"; };
		96E0EEBC1A7C2C60003F64D0 /* Images.xcassets */ = {isa = PBXFileReference; lastKnownFileType = folder.assetcatalog; path = Images.xcassets; sourceTree = "<group>"; };
		96E0EEBF1A7C2C60003F64D0 /* Base */ = {isa = PBXFileReference; lastKnownFileType = file.xib; name = Base; path = Base.lproj/LaunchScreen.xib; sourceTree = "<group>"; };
		96E0EEC51A7C2C60003F64D0 /* PRSpy MobileTests.xctest */ = {isa = PBXFileReference; explicitFileType = wrapper.cfbundle; includeInIndex = 0; path = "PRSpy MobileTests.xctest"; sourceTree = BUILT_PRODUCTS_DIR; };
		96E0EECA1A7C2C60003F64D0 /* Info.plist */ = {isa = PBXFileReference; lastKnownFileType = text.plist.xml; path = Info.plist; sourceTree = "<group>"; };
		96E0EECB1A7C2C60003F64D0 /* PRSpy_MobileTests.m */ = {isa = PBXFileReference; lastKnownFileType = sourcecode.c.objc; path = PRSpy_MobileTests.m; sourceTree = "<group>"; };
		96F857FB1A86113B00A41724 /* PSBaseViewController.h */ = {isa = PBXFileReference; fileEncoding = 4; lastKnownFileType = sourcecode.c.h; path = PSBaseViewController.h; sourceTree = "<group>"; };
		96F857FC1A86113B00A41724 /* PSBaseViewController.m */ = {isa = PBXFileReference; fileEncoding = 4; lastKnownFileType = sourcecode.c.objc; path = PSBaseViewController.m; sourceTree = "<group>"; };
		96F857FF1A8612AF00A41724 /* PSBrowserCell.h */ = {isa = PBXFileReference; fileEncoding = 4; lastKnownFileType = sourcecode.c.h; path = PSBrowserCell.h; sourceTree = "<group>"; };
		96F858001A8612AF00A41724 /* PSBrowserCell.m */ = {isa = PBXFileReference; fileEncoding = 4; lastKnownFileType = sourcecode.c.objc; path = PSBrowserCell.m; sourceTree = "<group>"; };
		96F858011A8612AF00A41724 /* PSBrowserCell.xib */ = {isa = PBXFileReference; fileEncoding = 4; lastKnownFileType = file.xib; path = PSBrowserCell.xib; sourceTree = "<group>"; };
		96F858071A8625EB00A41724 /* PSPlayersDetailViewController.h */ = {isa = PBXFileReference; fileEncoding = 4; lastKnownFileType = sourcecode.c.h; path = PSPlayersDetailViewController.h; sourceTree = "<group>"; };
		96F858081A8625EB00A41724 /* PSPlayersDetailViewController.m */ = {isa = PBXFileReference; fileEncoding = 4; lastKnownFileType = sourcecode.c.objc; path = PSPlayersDetailViewController.m; sourceTree = "<group>"; };
		96F858091A8625EB00A41724 /* PSPlayersDetailViewController.xib */ = {isa = PBXFileReference; fileEncoding = 4; lastKnownFileType = file.xib; path = PSPlayersDetailViewController.xib; sourceTree = "<group>"; };
		96F8580C1A8625FF00A41724 /* PSMapDetailViewController.h */ = {isa = PBXFileReference; fileEncoding = 4; lastKnownFileType = sourcecode.c.h; path = PSMapDetailViewController.h; sourceTree = "<group>"; };
		96F8580D1A8625FF00A41724 /* PSMapDetailViewController.m */ = {isa = PBXFileReference; fileEncoding = 4; lastKnownFileType = sourcecode.c.objc; path = PSMapDetailViewController.m; sourceTree = "<group>"; };
		96F8580E1A8625FF00A41724 /* PSMapDetailViewController.xib */ = {isa = PBXFileReference; fileEncoding = 4; lastKnownFileType = file.xib; path = PSMapDetailViewController.xib; sourceTree = "<group>"; };
		96F858111A86261700A41724 /* PSServerDetailViewController.h */ = {isa = PBXFileReference; fileEncoding = 4; lastKnownFileType = sourcecode.c.h; path = PSServerDetailViewController.h; sourceTree = "<group>"; };
		96F858121A86261700A41724 /* PSServerDetailViewController.m */ = {isa = PBXFileReference; fileEncoding = 4; lastKnownFileType = sourcecode.c.objc; path = PSServerDetailViewController.m; sourceTree = "<group>"; };
		96F858131A86261700A41724 /* PSServerDetailViewController.xib */ = {isa = PBXFileReference; fileEncoding = 4; lastKnownFileType = file.xib; path = PSServerDetailViewController.xib; sourceTree = "<group>"; };
/* End PBXFileReference section */

/* Begin PBXFrameworksBuildPhase section */
		96E0EEA91A7C2C60003F64D0 /* Frameworks */ = {
			isa = PBXFrameworksBuildPhase;
			buildActionMask = 2147483647;
			files = (
			);
			runOnlyForDeploymentPostprocessing = 0;
		};
		96E0EEC21A7C2C60003F64D0 /* Frameworks */ = {
			isa = PBXFrameworksBuildPhase;
			buildActionMask = 2147483647;
			files = (
			);
			runOnlyForDeploymentPostprocessing = 0;
		};
/* End PBXFrameworksBuildPhase section */

/* Begin PBXGroup section */
		963A9F061A7C43890078EFA4 /* views */ = {
			isa = PBXGroup;
			children = (
				96F857FE1A86128B00A41724 /* utilViews */,
				96F857FB1A86113B00A41724 /* PSBaseViewController.h */,
				96F857FC1A86113B00A41724 /* PSBaseViewController.m */,
				96E0EEB61A7C2C60003F64D0 /* ViewController.h */,
				96E0EEB71A7C2C60003F64D0 /* ViewController.m */,
				96E0EEB91A7C2C60003F64D0 /* Main.storyboard */,
				963A9F0F1A7C459F0078EFA4 /* Home */,
				963A9F101A7C45A60078EFA4 /* ServerBrowser */,
			);
			name = views;
			sourceTree = "<group>";
		};
		963A9F071A7C438D0078EFA4 /* util */ = {
			isa = PBXGroup;
			children = (
				963A9F0E1A7C448F0078EFA4 /* Config.h */,
				963A9F341A7C46610078EFA4 /* PSService.h */,
				963A9F351A7C46610078EFA4 /* PSService.m */,
			);
			name = util;
			sourceTree = "<group>";
		};
		963A9F081A7C43AF0078EFA4 /* external */ = {
			isa = PBXGroup;
			children = (
				963A9F171A7C46160078EFA4 /* AFNetworking */,
			);
			name = external;
			sourceTree = "<group>";
		};
		963A9F0F1A7C459F0078EFA4 /* Home */ = {
			isa = PBXGroup;
			children = (
				963A9F091A7C44060078EFA4 /* PSHomeViewController.h */,
				963A9F0A1A7C44060078EFA4 /* PSHomeViewController.m */,
				963A9F0B1A7C44060078EFA4 /* PSHomeViewController.xib */,
			);
			name = Home;
			sourceTree = "<group>";
		};
		963A9F101A7C45A60078EFA4 /* ServerBrowser */ = {
			isa = PBXGroup;
			children = (
				968E768F1A87037300CB63FF /* refineView */,
				963A9F121A7C45ED0078EFA4 /* PSServerBrowserTableViewController.h */,
				963A9F131A7C45ED0078EFA4 /* PSServerBrowserTableViewController.m */,
				963A9F141A7C45ED0078EFA4 /* PSServerBrowserTableViewController.xib */,
			);
			name = ServerBrowser;
			sourceTree = "<group>";
		};
		963A9F171A7C46160078EFA4 /* AFNetworking */ = {
			isa = PBXGroup;
			children = (
				963A9F181A7C46160078EFA4 /* AFHTTPRequestOperation.h */,
				963A9F191A7C46160078EFA4 /* AFHTTPRequestOperation.m */,
				963A9F1A1A7C46160078EFA4 /* AFHTTPRequestOperationManager.h */,
				963A9F1B1A7C46160078EFA4 /* AFHTTPRequestOperationManager.m */,
				963A9F1C1A7C46160078EFA4 /* AFHTTPSessionManager.h */,
				963A9F1D1A7C46160078EFA4 /* AFHTTPSessionManager.m */,
				963A9F1E1A7C46160078EFA4 /* AFNetworking.h */,
				963A9F1F1A7C46160078EFA4 /* AFNetworkReachabilityManager.h */,
				963A9F201A7C46160078EFA4 /* AFNetworkReachabilityManager.m */,
				963A9F211A7C46160078EFA4 /* AFSecurityPolicy.h */,
				963A9F221A7C46160078EFA4 /* AFSecurityPolicy.m */,
				963A9F231A7C46160078EFA4 /* AFURLConnectionOperation.h */,
				963A9F241A7C46160078EFA4 /* AFURLConnectionOperation.m */,
				963A9F251A7C46160078EFA4 /* AFURLRequestSerialization.h */,
				963A9F261A7C46160078EFA4 /* AFURLRequestSerialization.m */,
				963A9F271A7C46160078EFA4 /* AFURLResponseSerialization.h */,
				963A9F281A7C46160078EFA4 /* AFURLResponseSerialization.m */,
				963A9F291A7C46160078EFA4 /* AFURLSessionManager.h */,
				963A9F2A1A7C46160078EFA4 /* AFURLSessionManager.m */,
			);
			path = AFNetworking;
			sourceTree = "<group>";
		};
		963A9F371A7C4DC10078EFA4 /* model */ = {
			isa = PBXGroup;
			children = (
				963A9F381A7C4DDB0078EFA4 /* PSServer.h */,
				963A9F391A7C4DDB0078EFA4 /* PSServer.m */,
				968E76891A86D63800CB63FF /* PSMap.h */,
				968E768A1A86D63800CB63FF /* PSMap.m */,
			);
			name = model;
			sourceTree = "<group>";
		};
		968E768C1A86D9BF00CB63FF /* assets */ = {
			isa = PBXGroup;
			children = (
				968E768D1A86DA0200CB63FF /* mapoverview_gpm_cq_32.jpg */,
			);
			name = assets;
			sourceTree = "<group>";
		};
		968E768F1A87037300CB63FF /* refineView */ = {
			isa = PBXGroup;
			children = (
				968E76901A87039500CB63FF /* PSRefineViewController.h */,
				968E76911A87039500CB63FF /* PSRefineViewController.m */,
				968E76921A87039500CB63FF /* PSRefineViewController.xib */,
			);
			name = refineView;
			sourceTree = "<group>";
		};
		96E0EEA31A7C2C60003F64D0 = {
			isa = PBXGroup;
			children = (
				96E0EEAE1A7C2C60003F64D0 /* PRSpy Mobile */,
				96E0EEC81A7C2C60003F64D0 /* PRSpy MobileTests */,
				96E0EEAD1A7C2C60003F64D0 /* Products */,
			);
			sourceTree = "<group>";
		};
		96E0EEAD1A7C2C60003F64D0 /* Products */ = {
			isa = PBXGroup;
			children = (
				96E0EEAC1A7C2C60003F64D0 /* PRSpy Mobile.app */,
				96E0EEC51A7C2C60003F64D0 /* PRSpy MobileTests.xctest */,
			);
			name = Products;
			sourceTree = "<group>";
		};
		96E0EEAE1A7C2C60003F64D0 /* PRSpy Mobile */ = {
			isa = PBXGroup;
			children = (
				963A9F371A7C4DC10078EFA4 /* model */,
				963A9F081A7C43AF0078EFA4 /* external */,
				963A9F071A7C438D0078EFA4 /* util */,
				963A9F061A7C43890078EFA4 /* views */,
				96E0EEB31A7C2C60003F64D0 /* AppDelegate.h */,
				96E0EEB41A7C2C60003F64D0 /* AppDelegate.m */,
				96E0EEBC1A7C2C60003F64D0 /* Images.xcassets */,
				96E0EEBE1A7C2C60003F64D0 /* LaunchScreen.xib */,
				96E0EEAF1A7C2C60003F64D0 /* Supporting Files */,
			);
			path = "PRSpy Mobile";
			sourceTree = "<group>";
		};
		96E0EEAF1A7C2C60003F64D0 /* Supporting Files */ = {
			isa = PBXGroup;
			children = (
				968E768C1A86D9BF00CB63FF /* assets */,
				96E0EEB01A7C2C60003F64D0 /* Info.plist */,
				96E0EEB11A7C2C60003F64D0 /* main.m */,
			);
			name = "Supporting Files";
			sourceTree = "<group>";
		};
		96E0EEC81A7C2C60003F64D0 /* PRSpy MobileTests */ = {
			isa = PBXGroup;
			children = (
				96E0EECB1A7C2C60003F64D0 /* PRSpy_MobileTests.m */,
				96E0EEC91A7C2C60003F64D0 /* Supporting Files */,
			);
			path = "PRSpy MobileTests";
			sourceTree = "<group>";
		};
		96E0EEC91A7C2C60003F64D0 /* Supporting Files */ = {
			isa = PBXGroup;
			children = (
				96E0EECA1A7C2C60003F64D0 /* Info.plist */,
			);
			name = "Supporting Files";
			sourceTree = "<group>";
		};
		96F857FE1A86128B00A41724 /* utilViews */ = {
			isa = PBXGroup;
			children = (
				96F858061A8625A800A41724 /* PCBrowserDetailViews */,
				96F858051A8624B800A41724 /* PCBrowserCell */,
			);
			name = utilViews;
			sourceTree = "<group>";
		};
		96F858051A8624B800A41724 /* PCBrowserCell */ = {
			isa = PBXGroup;
			children = (
				96F857FF1A8612AF00A41724 /* PSBrowserCell.h */,
				96F858001A8612AF00A41724 /* PSBrowserCell.m */,
				96F858011A8612AF00A41724 /* PSBrowserCell.xib */,
			);
			name = PCBrowserCell;
			sourceTree = "<group>";
		};
		96F858061A8625A800A41724 /* PCBrowserDetailViews */ = {
			isa = PBXGroup;
			children = (
				96F858071A8625EB00A41724 /* PSPlayersDetailViewController.h */,
				96F858081A8625EB00A41724 /* PSPlayersDetailViewController.m */,
				96F858091A8625EB00A41724 /* PSPlayersDetailViewController.xib */,
				96F8580C1A8625FF00A41724 /* PSMapDetailViewController.h */,
				96F8580D1A8625FF00A41724 /* PSMapDetailViewController.m */,
				96F8580E1A8625FF00A41724 /* PSMapDetailViewController.xib */,
				96F858111A86261700A41724 /* PSServerDetailViewController.h */,
				96F858121A86261700A41724 /* PSServerDetailViewController.m */,
				96F858131A86261700A41724 /* PSServerDetailViewController.xib */,
			);
			name = PCBrowserDetailViews;
			sourceTree = "<group>";
		};
/* End PBXGroup section */

/* Begin PBXNativeTarget section */
		96E0EEAB1A7C2C60003F64D0 /* PRSpy Mobile */ = {
			isa = PBXNativeTarget;
			buildConfigurationList = 96E0EECF1A7C2C60003F64D0 /* Build configuration list for PBXNativeTarget "PRSpy Mobile" */;
			buildPhases = (
				96E0EEA81A7C2C60003F64D0 /* Sources */,
				96E0EEA91A7C2C60003F64D0 /* Frameworks */,
				96E0EEAA1A7C2C60003F64D0 /* Resources */,
			);
			buildRules = (
			);
			dependencies = (
			);
			name = "PRSpy Mobile";
			productName = "PRSpy Mobile";
			productReference = 96E0EEAC1A7C2C60003F64D0 /* PRSpy Mobile.app */;
			productType = "com.apple.product-type.application";
		};
		96E0EEC41A7C2C60003F64D0 /* PRSpy MobileTests */ = {
			isa = PBXNativeTarget;
			buildConfigurationList = 96E0EED21A7C2C60003F64D0 /* Build configuration list for PBXNativeTarget "PRSpy MobileTests" */;
			buildPhases = (
				96E0EEC11A7C2C60003F64D0 /* Sources */,
				96E0EEC21A7C2C60003F64D0 /* Frameworks */,
				96E0EEC31A7C2C60003F64D0 /* Resources */,
			);
			buildRules = (
			);
			dependencies = (
				96E0EEC71A7C2C60003F64D0 /* PBXTargetDependency */,
			);
			name = "PRSpy MobileTests";
			productName = "PRSpy MobileTests";
			productReference = 96E0EEC51A7C2C60003F64D0 /* PRSpy MobileTests.xctest */;
			productType = "com.apple.product-type.bundle.unit-test";
		};
/* End PBXNativeTarget section */

/* Begin PBXProject section */
		96E0EEA41A7C2C60003F64D0 /* Project object */ = {
			isa = PBXProject;
			attributes = {
				LastUpgradeCheck = 0610;
				ORGANIZATIONNAME = "Jake Laurie";
				TargetAttributes = {
					96E0EEAB1A7C2C60003F64D0 = {
						CreatedOnToolsVersion = 6.1.1;
						DevelopmentTeam = DNVFM929M2;
					};
					96E0EEC41A7C2C60003F64D0 = {
						CreatedOnToolsVersion = 6.1.1;
						TestTargetID = 96E0EEAB1A7C2C60003F64D0;
					};
				};
			};
			buildConfigurationList = 96E0EEA71A7C2C60003F64D0 /* Build configuration list for PBXProject "PRSpy Mobile" */;
			compatibilityVersion = "Xcode 3.2";
			developmentRegion = English;
			hasScannedForEncodings = 0;
			knownRegions = (
				en,
				Base,
			);
			mainGroup = 96E0EEA31A7C2C60003F64D0;
			productRefGroup = 96E0EEAD1A7C2C60003F64D0 /* Products */;
			projectDirPath = "";
			projectRoot = "";
			targets = (
				96E0EEAB1A7C2C60003F64D0 /* PRSpy Mobile */,
				96E0EEC41A7C2C60003F64D0 /* PRSpy MobileTests */,
			);
		};
/* End PBXProject section */

/* Begin PBXResourcesBuildPhase section */
		96E0EEAA1A7C2C60003F64D0 /* Resources */ = {
			isa = PBXResourcesBuildPhase;
			buildActionMask = 2147483647;
			files = (
				96F858031A8612AF00A41724 /* PSBrowserCell.xib in Resources */,
				968E768E1A86DA0200CB63FF /* mapoverview_gpm_cq_32.jpg in Resources */,
				96F858101A8625FF00A41724 /* PSMapDetailViewController.xib in Resources */,
				963A9F0D1A7C44060078EFA4 /* PSHomeViewController.xib in Resources */,
				96F858151A86261700A41724 /* PSServerDetailViewController.xib in Resources */,
				96E0EEBB1A7C2C60003F64D0 /* Main.storyboard in Resources */,
				96E0EEC01A7C2C60003F64D0 /* LaunchScreen.xib in Resources */,
				968E76941A87039500CB63FF /* PSRefineViewController.xib in Resources */,
				96E0EEBD1A7C2C60003F64D0 /* Images.xcassets in Resources */,
				963A9F161A7C45ED0078EFA4 /* PSServerBrowserTableViewController.xib in Resources */,
				96F8580B1A8625EB00A41724 /* PSPlayersDetailViewController.xib in Resources */,
			);
			runOnlyForDeploymentPostprocessing = 0;
		};
		96E0EEC31A7C2C60003F64D0 /* Resources */ = {
			isa = PBXResourcesBuildPhase;
			buildActionMask = 2147483647;
			files = (
			);
			runOnlyForDeploymentPostprocessing = 0;
		};
/* End PBXResourcesBuildPhase section */

/* Begin PBXSourcesBuildPhase section */
		96E0EEA81A7C2C60003F64D0 /* Sources */ = {
			isa = PBXSourcesBuildPhase;
			buildActionMask = 2147483647;
			files = (
				963A9F301A7C46160078EFA4 /* AFURLConnectionOperation.m in Sources */,
				96F857FD1A86113B00A41724 /* PSBaseViewController.m in Sources */,
				963A9F2B1A7C46160078EFA4 /* AFHTTPRequestOperation.m in Sources */,
				963A9F2E1A7C46160078EFA4 /* AFNetworkReachabilityManager.m in Sources */,
				96F8580A1A8625EB00A41724 /* PSPlayersDetailViewController.m in Sources */,
				96F858021A8612AF00A41724 /* PSBrowserCell.m in Sources */,
				963A9F331A7C46160078EFA4 /* AFURLSessionManager.m in Sources */,
				963A9F311A7C46160078EFA4 /* AFURLRequestSerialization.m in Sources */,
				963A9F151A7C45ED0078EFA4 /* PSServerBrowserTableViewController.m in Sources */,
				96F8580F1A8625FF00A41724 /* PSMapDetailViewController.m in Sources */,
				963A9F361A7C46610078EFA4 /* PSService.m in Sources */,
				96F858141A86261700A41724 /* PSServerDetailViewController.m in Sources */,
				963A9F321A7C46160078EFA4 /* AFURLResponseSerialization.m in Sources */,
				963A9F0C1A7C44060078EFA4 /* PSHomeViewController.m in Sources */,
				96E0EEB81A7C2C60003F64D0 /* ViewController.m in Sources */,
				968E76931A87039500CB63FF /* PSRefineViewController.m in Sources */,
				963A9F2C1A7C46160078EFA4 /* AFHTTPRequestOperationManager.m in Sources */,
				963A9F2F1A7C46160078EFA4 /* AFSecurityPolicy.m in Sources */,
				968E768B1A86D63800CB63FF /* PSMap.m in Sources */,
				96E0EEB51A7C2C60003F64D0 /* AppDelegate.m in Sources */,
				96E0EEB21A7C2C60003F64D0 /* main.m in Sources */,
				963A9F2D1A7C46160078EFA4 /* AFHTTPSessionManager.m in Sources */,
				963A9F3A1A7C4DDB0078EFA4 /* PSServer.m in Sources */,
			);
			runOnlyForDeploymentPostprocessing = 0;
		};
		96E0EEC11A7C2C60003F64D0 /* Sources */ = {
			isa = PBXSourcesBuildPhase;
			buildActionMask = 2147483647;
			files = (
				96E0EECC1A7C2C60003F64D0 /* PRSpy_MobileTests.m in Sources */,
			);
			runOnlyForDeploymentPostprocessing = 0;
		};
/* End PBXSourcesBuildPhase section */

/* Begin PBXTargetDependency section */
		96E0EEC71A7C2C60003F64D0 /* PBXTargetDependency */ = {
			isa = PBXTargetDependency;
			target = 96E0EEAB1A7C2C60003F64D0 /* PRSpy Mobile */;
			targetProxy = 96E0EEC61A7C2C60003F64D0 /* PBXContainerItemProxy */;
		};
/* End PBXTargetDependency section */

/* Begin PBXVariantGroup section */
		96E0EEB91A7C2C60003F64D0 /* Main.storyboard */ = {
			isa = PBXVariantGroup;
			children = (
				96E0EEBA1A7C2C60003F64D0 /* Base */,
			);
			name = Main.storyboard;
			sourceTree = "<group>";
		};
		96E0EEBE1A7C2C60003F64D0 /* LaunchScreen.xib */ = {
			isa = PBXVariantGroup;
			children = (
				96E0EEBF1A7C2C60003F64D0 /* Base */,
			);
			name = LaunchScreen.xib;
			sourceTree = "<group>";
		};
/* End PBXVariantGroup section */

/* Begin XCBuildConfiguration section */
		96E0EECD1A7C2C60003F64D0 /* Debug */ = {
			isa = XCBuildConfiguration;
			buildSettings = {
				ALWAYS_SEARCH_USER_PATHS = NO;
				CLANG_CXX_LANGUAGE_STANDARD = "gnu++0x";
				CLANG_CXX_LIBRARY = "libc++";
				CLANG_ENABLE_MODULES = YES;
				CLANG_ENABLE_OBJC_ARC = YES;
				CLANG_WARN_BOOL_CONVERSION = YES;
				CLANG_WARN_CONSTANT_CONVERSION = YES;
				CLANG_WARN_DIRECT_OBJC_ISA_USAGE = YES_ERROR;
				CLANG_WARN_EMPTY_BODY = YES;
				CLANG_WARN_ENUM_CONVERSION = YES;
				CLANG_WARN_INT_CONVERSION = YES;
				CLANG_WARN_OBJC_ROOT_CLASS = YES_ERROR;
				CLANG_WARN_UNREACHABLE_CODE = YES;
				CLANG_WARN__DUPLICATE_METHOD_MATCH = YES;
				"CODE_SIGN_IDENTITY[sdk=iphoneos*]" = "iPhone Developer";
				COPY_PHASE_STRIP = NO;
				ENABLE_STRICT_OBJC_MSGSEND = YES;
				GCC_C_LANGUAGE_STANDARD = gnu99;
				GCC_DYNAMIC_NO_PIC = NO;
				GCC_OPTIMIZATION_LEVEL = 0;
				GCC_PREPROCESSOR_DEFINITIONS = (
					"DEBUG=1",
					"$(inherited)",
				);
				GCC_SYMBOLS_PRIVATE_EXTERN = NO;
				GCC_WARN_64_TO_32_BIT_CONVERSION = YES;
				GCC_WARN_ABOUT_RETURN_TYPE = YES_ERROR;
				GCC_WARN_UNDECLARED_SELECTOR = YES;
				GCC_WARN_UNINITIALIZED_AUTOS = YES_AGGRESSIVE;
				GCC_WARN_UNUSED_FUNCTION = YES;
				GCC_WARN_UNUSED_VARIABLE = YES;
				IPHONEOS_DEPLOYMENT_TARGET = 8.1;
				MTL_ENABLE_DEBUG_INFO = YES;
				ONLY_ACTIVE_ARCH = YES;
				SDKROOT = iphoneos;
			};
			name = Debug;
		};
		96E0EECE1A7C2C60003F64D0 /* Release */ = {
			isa = XCBuildConfiguration;
			buildSettings = {
				ALWAYS_SEARCH_USER_PATHS = NO;
				CLANG_CXX_LANGUAGE_STANDARD = "gnu++0x";
				CLANG_CXX_LIBRARY = "libc++";
				CLANG_ENABLE_MODULES = YES;
				CLANG_ENABLE_OBJC_ARC = YES;
				CLANG_WARN_BOOL_CONVERSION = YES;
				CLANG_WARN_CONSTANT_CONVERSION = YES;
				CLANG_WARN_DIRECT_OBJC_ISA_USAGE = YES_ERROR;
				CLANG_WARN_EMPTY_BODY = YES;
				CLANG_WARN_ENUM_CONVERSION = YES;
				CLANG_WARN_INT_CONVERSION = YES;
				CLANG_WARN_OBJC_ROOT_CLASS = YES_ERROR;
				CLANG_WARN_UNREACHABLE_CODE = YES;
				CLANG_WARN__DUPLICATE_METHOD_MATCH = YES;
				"CODE_SIGN_IDENTITY[sdk=iphoneos*]" = "iPhone Developer";
				COPY_PHASE_STRIP = YES;
				ENABLE_NS_ASSERTIONS = NO;
				ENABLE_STRICT_OBJC_MSGSEND = YES;
				GCC_C_LANGUAGE_STANDARD = gnu99;
				GCC_WARN_64_TO_32_BIT_CONVERSION = YES;
				GCC_WARN_ABOUT_RETURN_TYPE = YES_ERROR;
				GCC_WARN_UNDECLARED_SELECTOR = YES;
				GCC_WARN_UNINITIALIZED_AUTOS = YES_AGGRESSIVE;
				GCC_WARN_UNUSED_FUNCTION = YES;
				GCC_WARN_UNUSED_VARIABLE = YES;
				IPHONEOS_DEPLOYMENT_TARGET = 8.1;
				MTL_ENABLE_DEBUG_INFO = NO;
				SDKROOT = iphoneos;
				VALIDATE_PRODUCT = YES;
			};
			name = Release;
		};
		96E0EED01A7C2C60003F64D0 /* Debug */ = {
			isa = XCBuildConfiguration;
			buildSettings = {
				ASSETCATALOG_COMPILER_APPICON_NAME = AppIcon;
				CODE_SIGN_IDENTITY = "iPhone Developer";
				INFOPLIST_FILE = "PRSpy Mobile/Info.plist";
				IPHONEOS_DEPLOYMENT_TARGET = 7.0;
				LD_RUNPATH_SEARCH_PATHS = "$(inherited) @executable_path/Frameworks";
				PRODUCT_NAME = "$(TARGET_NAME)";
			};
			name = Debug;
		};
		96E0EED11A7C2C60003F64D0 /* Release */ = {
			isa = XCBuildConfiguration;
			buildSettings = {
				ASSETCATALOG_COMPILER_APPICON_NAME = AppIcon;
				CODE_SIGN_IDENTITY = "iPhone Developer";
				INFOPLIST_FILE = "PRSpy Mobile/Info.plist";
				IPHONEOS_DEPLOYMENT_TARGET = 7.0;
				LD_RUNPATH_SEARCH_PATHS = "$(inherited) @executable_path/Frameworks";
				PRODUCT_NAME = "$(TARGET_NAME)";
			};
			name = Release;
		};
		96E0EED31A7C2C60003F64D0 /* Debug */ = {
			isa = XCBuildConfiguration;
			buildSettings = {
				BUNDLE_LOADER = "$(TEST_HOST)";
				FRAMEWORK_SEARCH_PATHS = (
					"$(SDKROOT)/Developer/Library/Frameworks",
					"$(inherited)",
				);
				GCC_PREPROCESSOR_DEFINITIONS = (
					"DEBUG=1",
					"$(inherited)",
				);
				INFOPLIST_FILE = "PRSpy MobileTests/Info.plist";
				LD_RUNPATH_SEARCH_PATHS = "$(inherited) @executable_path/Frameworks @loader_path/Frameworks";
				PRODUCT_NAME = "$(TARGET_NAME)";
				TEST_HOST = "$(BUILT_PRODUCTS_DIR)/PRSpy Mobile.app/PRSpy Mobile";
			};
			name = Debug;
		};
		96E0EED41A7C2C60003F64D0 /* Release */ = {
			isa = XCBuildConfiguration;
			buildSettings = {
				BUNDLE_LOADER = "$(TEST_HOST)";
				FRAMEWORK_SEARCH_PATHS = (
					"$(SDKROOT)/Developer/Library/Frameworks",
					"$(inherited)",
				);
				INFOPLIST_FILE = "PRSpy MobileTests/Info.plist";
				LD_RUNPATH_SEARCH_PATHS = "$(inherited) @executable_path/Frameworks @loader_path/Frameworks";
				PRODUCT_NAME = "$(TARGET_NAME)";
				TEST_HOST = "$(BUILT_PRODUCTS_DIR)/PRSpy Mobile.app/PRSpy Mobile";
			};
			name = Release;
		};
/* End XCBuildConfiguration section */

/* Begin XCConfigurationList section */
		96E0EEA71A7C2C60003F64D0 /* Build configuration list for PBXProject "PRSpy Mobile" */ = {
			isa = XCConfigurationList;
			buildConfigurations = (
				96E0EECD1A7C2C60003F64D0 /* Debug */,
				96E0EECE1A7C2C60003F64D0 /* Release */,
			);
			defaultConfigurationIsVisible = 0;
			defaultConfigurationName = Release;
		};
		96E0EECF1A7C2C60003F64D0 /* Build configuration list for PBXNativeTarget "PRSpy Mobile" */ = {
			isa = XCConfigurationList;
			buildConfigurations = (
				96E0EED01A7C2C60003F64D0 /* Debug */,
				96E0EED11A7C2C60003F64D0 /* Release */,
			);
			defaultConfigurationIsVisible = 0;
			defaultConfigurationName = Release;
		};
		96E0EED21A7C2C60003F64D0 /* Build configuration list for PBXNativeTarget "PRSpy MobileTests" */ = {
			isa = XCConfigurationList;
			buildConfigurations = (
				96E0EED31A7C2C60003F64D0 /* Debug */,
				96E0EED41A7C2C60003F64D0 /* Release */,
			);
			defaultConfigurationIsVisible = 0;
			defaultConfigurationName = Release;
		};
/* End XCConfigurationList section */
	};
	rootObject = 96E0EEA41A7C2C60003F64D0 /* Project object */;
}
